
Microsoft Visual Studio Solution File, Format Version 12.00
# Visual Studio Version 16
VisualStudioVersion = 16.0.32106.194
MinimumVisualStudioVersion = 10.0.40219.1
Project("{9A19103F-16F7-4668-BE54-9A1E7A4F7556}") = "DirectoriesAndFiles", "DirectoriesAndFiles\DirectoriesAndFiles.csproj", "{F01705AE-6DCB-4B4D-A8BB-C45AF29D7601}"
EndProject
Project("{9A19103F-16F7-4668-BE54-9A1E7A4F7556}") = "WishList", "WishList\WishList.csproj", "{3129E575-34FF-4FA2-8AB6-D1B95AA98C70}"
EndProject
Project("{9A19103F-16F7-4668-BE54-9A1E7A4F7556}") = "MyWishListFile", "MyWishListFile\MyWishListFile.csproj", "{013A18D0-A9D8-4C70-800C-4A3910DDE6C0}"
EndProject
Project("{FAE04EC0-301F-11D3-BF4B-00C04F79EFBC}") = "ShoppingList", "ShoppingList\ShoppingList.csproj", "{C23FA320-7713-4CF1-9F25-2703376FD058}"
EndProject
Project("{FAE04EC0-301F-11D3-BF4B-00C04F79EFBC}") = "MyShoppingList", "MyShoppingList\MyShoppingList.csproj", "{F9E3EE9F-A8FE-4309-B99A-9D50D5366603}"
EndProject
Global
	GlobalSection(SolutionConfigurationPlatforms) = preSolution
		Debug|Any CPU = Debug|Any CPU
		Release|Any CPU = Release|Any CPU
	EndGlobalSection
	GlobalSection(ProjectConfigurationPlatforms) = postSolution
		{F01705AE-6DCB-4B4D-A8BB-C45AF29D7601}.Debug|Any CPU.ActiveCfg = Debug|Any CPU
		{F01705AE-6DCB-4B4D-A8BB-C45AF29D7601}.Debug|Any CPU.Build.0 = Debug|Any CPU
		{F01705AE-6DCB-4B4D-A8BB-C45AF29D7601}.Release|Any CPU.ActiveCfg = Release|Any CPU
		{F01705AE-6DCB-4B4D-A8BB-C45AF29D7601}.Release|Any CPU.Build.0 = Release|Any CPU
		{3129E575-34FF-4FA2-8AB6-D1B95AA98C70}.Debug|Any CPU.ActiveCfg = Debug|Any CPU
		{3129E575-34FF-4FA2-8AB6-D1B95AA98C70}.Debug|Any CPU.Build.0 = Debug|Any CPU
		{3129E575-34FF-4FA2-8AB6-D1B95AA98C70}.Release|Any CPU.ActiveCfg = Release|Any CPU
		{3129E575-34FF-4FA2-8AB6-D1B95AA98C70}.Release|Any CPU.Build.0 = Release|Any CPU
		{013A18D0-A9D8-4C70-800C-4A3910DDE6C0}.Debug|Any CPU.ActiveCfg = Debug|Any CPU
		{013A18D0-A9D8-4C70-800C-4A3910DDE6C0}.Debug|Any CPU.Build.0 = Debug|Any CPU
		{013A18D0-A9D8-4C70-800C-4A3910DDE6C0}.Release|Any CPU.ActiveCfg = Release|Any CPU
		{013A18D0-A9D8-4C70-800C-4A3910DDE6C0}.Release|Any CPU.Build.0 = Release|Any CPU
		{C23FA320-7713-4CF1-9F25-2703376FD058}.Debug|Any CPU.ActiveCfg = Debug|Any CPU
		{C23FA320-7713-4CF1-9F25-2703376FD058}.Debug|Any CPU.Build.0 = Debug|Any CPU
		{C23FA320-7713-4CF1-9F25-2703376FD058}.Release|Any CPU.ActiveCfg = Release|Any CPU
		{C23FA320-7713-4CF1-9F25-2703376FD058}.Release|Any CPU.Build.0 = Release|Any CPU
		{F9E3EE9F-A8FE-4309-B99A-9D50D5366603}.Debug|Any CPU.ActiveCfg = Debug|Any CPU
		{F9E3EE9F-A8FE-4309-B99A-9D50D5366603}.Debug|Any CPU.Build.0 = Debug|Any CPU
		{F9E3EE9F-A8FE-4309-B99A-9D50D5366603}.Release|Any CPU.ActiveCfg = Release|Any CPU
		{F9E3EE9F-A8FE-4309-B99A-9D50D5366603}.Release|Any CPU.Build.0 = Release|Any CPU
	EndGlobalSection
	GlobalSection(SolutionProperties) = preSolution
		HideSolutionNode = FALSE
	EndGlobalSection
	GlobalSection(ExtensibilityGlobals) = postSolution
		SolutionGuid = {C8192A3D-0453-4733-AEA3-2D6379FC376E}
	EndGlobalSection
EndGlobal
